
Microsoft Visual Studio Solution File, Format Version 12.00
# Visual Studio Version 16
VisualStudioVersion = 16.0.810.16
MinimumVisualStudioVersion = 10.0.40219.1
Project("{FAE04EC0-301F-11D3-BF4B-00C04F79EFBC}") = "EF_Example", "EF_Example\EF_Example.csproj", "{00B177A5-14AB-4218-A99D-836EA8CBF9B5}"
EndProject
Global
	GlobalSection(SolutionConfigurationPlatforms) = preSolution
		Debug|Any CPU = Debug|Any CPU
		Release|Any CPU = Release|Any CPU
	EndGlobalSection
	GlobalSection(ProjectConfigurationPlatforms) = postSolution
		{00B177A5-14AB-4218-A99D-836EA8CBF9B5}.Debug|Any CPU.ActiveCfg = Debug|Any CPU
		{00B177A5-14AB-4218-A99D-836EA8CBF9B5}.Debug|Any CPU.Build.0 = Debug|Any CPU
		{00B177A5-14AB-4218-A99D-836EA8CBF9B5}.Release|Any CPU.ActiveCfg = Release|Any CPU
		{00B177A5-14AB-4218-A99D-836EA8CBF9B5}.Release|Any CPU.Build.0 = Release|Any CPU
	EndGlobalSection
	GlobalSection(SolutionProperties) = preSolution
		HideSolutionNode = FALSE
	EndGlobalSection
	GlobalSection(ExtensibilityGlobals) = postSolution
		SolutionGuid = {C4DC34D0-2188-4565-AD2B-4E0426FDBA5D}
	EndGlobalSection
EndGlobal
