
Microsoft Visual Studio Solution File, Format Version 12.00
# Visual Studio Version 16
VisualStudioVersion = 16.0.810.16
MinimumVisualStudioVersion = 10.0.40219.1
Project("{FAE04EC0-301F-11D3-BF4B-00C04F79EFBC}") = "Figures_Delegates", "Figures_Delegates\Figures_Delegates.csproj", "{01C9E018-E560-4F8A-86D4-F7BF73DC0FAF}"
EndProject
Global
	GlobalSection(SolutionConfigurationPlatforms) = preSolution
		Debug|Any CPU = Debug|Any CPU
		Release|Any CPU = Release|Any CPU
	EndGlobalSection
	GlobalSection(ProjectConfigurationPlatforms) = postSolution
		{01C9E018-E560-4F8A-86D4-F7BF73DC0FAF}.Debug|Any CPU.ActiveCfg = Debug|Any CPU
		{01C9E018-E560-4F8A-86D4-F7BF73DC0FAF}.Debug|Any CPU.Build.0 = Debug|Any CPU
		{01C9E018-E560-4F8A-86D4-F7BF73DC0FAF}.Release|Any CPU.ActiveCfg = Release|Any CPU
		{01C9E018-E560-4F8A-86D4-F7BF73DC0FAF}.Release|Any CPU.Build.0 = Release|Any CPU
	EndGlobalSection
	GlobalSection(SolutionProperties) = preSolution
		HideSolutionNode = FALSE
	EndGlobalSection
	GlobalSection(ExtensibilityGlobals) = postSolution
		SolutionGuid = {3B35EBEA-B7BE-4699-B53C-8166BC8442C0}
	EndGlobalSection
EndGlobal
